
Microsoft Visual Studio Solution File, Format Version 12.00
# Visual Studio 15
VisualStudioVersion = 15.0.28307.1831
MinimumVisualStudioVersion = 10.0.40219.1
Project("{8BC9CEB8-8B4A-11D0-8D11-00A0C91BC942}") = "9.虚析构函数", "9.虚析构函数\9.虚析构函数.vcxproj", "{1667209F-8CD5-4699-8D53-9928A6ABC4C6}"
EndProject
Global
	GlobalSection(SolutionConfigurationPlatforms) = preSolution
		Debug|x64 = Debug|x64
		Debug|x86 = Debug|x86
		Release|x64 = Release|x64
		Release|x86 = Release|x86
	EndGlobalSection
	GlobalSection(ProjectConfigurationPlatforms) = postSolution
		{1667209F-8CD5-4699-8D53-9928A6ABC4C6}.Debug|x64.ActiveCfg = Debug|x64
		{1667209F-8CD5-4699-8D53-9928A6ABC4C6}.Debug|x64.Build.0 = Debug|x64
		{1667209F-8CD5-4699-8D53-9928A6ABC4C6}.Debug|x86.ActiveCfg = Debug|Win32
		{1667209F-8CD5-4699-8D53-9928A6ABC4C6}.Debug|x86.Build.0 = Debug|Win32
		{1667209F-8CD5-4699-8D53-9928A6ABC4C6}.Release|x64.ActiveCfg = Release|x64
		{1667209F-8CD5-4699-8D53-9928A6ABC4C6}.Release|x64.Build.0 = Release|x64
		{1667209F-8CD5-4699-8D53-9928A6ABC4C6}.Release|x86.ActiveCfg = Release|Win32
		{1667209F-8CD5-4699-8D53-9928A6ABC4C6}.Release|x86.Build.0 = Release|Win32
	EndGlobalSection
	GlobalSection(SolutionProperties) = preSolution
		HideSolutionNode = FALSE
	EndGlobalSection
	GlobalSection(ExtensibilityGlobals) = postSolution
		SolutionGuid = {7AC4AB53-AF01-4073-ADB8-5C6D517CC89C}
	EndGlobalSection
EndGlobal
