// !$*UTF8*$!
{
	archiveVersion = 1;
	classes = {
	};
	objectVersion = 55;
	objects = {

/* Begin PBXBuildFile section */
		8661E488284EF9EE00772E8F /* main.m in Sources */ = {isa = PBXBuildFile; fileRef = 8661E487284EF9EE00772E8F /* main.m */; };
		8661E490284EFAC600772E8F /* ListGraph.m in Sources */ = {isa = PBXBuildFile; fileRef = 8661E48F284EFAC600772E8F /* ListGraph.m */; };
		8661E493284F012300772E8F /* Vertex.m in Sources */ = {isa = PBXBuildFile; fileRef = 8661E492284F012300772E8F /* Vertex.m */; };
		8661E496284F02E000772E8F /* Edge.m in Sources */ = {isa = PBXBuildFile; fileRef = 8661E495284F02E000772E8F /* Edge.m */; };
		86E7D826285741550009FC09 /* FindUnion.m in Sources */ = {isa = PBXBuildFile; fileRef = 86E7D825285741550009FC09 /* FindUnion.m */; };
/* End PBXBuildFile section */

/* Begin PBXCopyFilesBuildPhase section */
		8661E482284EF9EE00772E8F /* CopyFiles */ = {
			isa = PBXCopyFilesBuildPhase;
			buildActionMask = 2147483647;
			dstPath = /usr/share/man/man1/;
			dstSubfolderSpec = 0;
			files = (
			);
			runOnlyForDeploymentPostprocessing = 1;
		};
/* End PBXCopyFilesBuildPhase section */

/* Begin PBXFileReference section */
		8661E484284EF9EE00772E8F /* Graph */ = {isa = PBXFileReference; explicitFileType = "compiled.mach-o.executable"; includeInIndex = 0; path = Graph; sourceTree = BUILT_PRODUCTS_DIR; };
		8661E487284EF9EE00772E8F /* main.m */ = {isa = PBXFileReference; lastKnownFileType = sourcecode.c.objc; path = main.m; sourceTree = "<group>"; };
		8661E48E284EFAC600772E8F /* ListGraph.h */ = {isa = PBXFileReference; lastKnownFileType = sourcecode.c.h; path = ListGraph.h; sourceTree = "<group>"; };
		8661E48F284EFAC600772E8F /* ListGraph.m */ = {isa = PBXFileReference; lastKnownFileType = sourcecode.c.objc; path = ListGraph.m; sourceTree = "<group>"; };
		8661E491284F012300772E8F /* Vertex.h */ = {isa = PBXFileReference; lastKnownFileType = sourcecode.c.h; path = Vertex.h; sourceTree = "<group>"; };
		8661E492284F012300772E8F /* Vertex.m */ = {isa = PBXFileReference; lastKnownFileType = sourcecode.c.objc; path = Vertex.m; sourceTree = "<group>"; };
		8661E494284F02E000772E8F /* Edge.h */ = {isa = PBXFileReference; lastKnownFileType = sourcecode.c.h; path = Edge.h; sourceTree = "<group>"; };
		8661E495284F02E000772E8F /* Edge.m */ = {isa = PBXFileReference; lastKnownFileType = sourcecode.c.objc; path = Edge.m; sourceTree = "<group>"; };
		866438AC284F5F8F00EDDA26 /* Xnip2022-06-07_18-27-19.jpg */ = {isa = PBXFileReference; lastKnownFileType = image.jpeg; path = "Xnip2022-06-07_18-27-19.jpg"; sourceTree = "<group>"; };
		86649E7A2856E97800FB4320 /* mst_03.jpg */ = {isa = PBXFileReference; lastKnownFileType = image.jpeg; path = mst_03.jpg; sourceTree = "<group>"; };
		8684D3492862C38900AEE18D /* negative_weight_01.png */ = {isa = PBXFileReference; lastKnownFileType = image.png; path = negative_weight_01.png; sourceTree = "<group>"; };
		8684D34A2862C38900AEE18D /* negative_weight_02.png */ = {isa = PBXFileReference; lastKnownFileType = image.png; path = negative_weight_02.png; sourceTree = "<group>"; };
		869C386B285327C800D5B9CB /* mst_02.png */ = {isa = PBXFileReference; lastKnownFileType = image.png; path = mst_02.png; sourceTree = "<group>"; };
		869C386C285327C800D5B9CB /* mst_01.png */ = {isa = PBXFileReference; lastKnownFileType = image.png; path = mst_01.png; sourceTree = "<group>"; };
		86A9CAC6286060AC00EA7FB1 /* sp1.jpg */ = {isa = PBXFileReference; lastKnownFileType = image.jpeg; path = sp1.jpg; sourceTree = "<group>"; };
		86E7D824285741550009FC09 /* FindUnion.h */ = {isa = PBXFileReference; lastKnownFileType = sourcecode.c.h; path = FindUnion.h; sourceTree = "<group>"; };
		86E7D825285741550009FC09 /* FindUnion.m */ = {isa = PBXFileReference; lastKnownFileType = sourcecode.c.objc; path = FindUnion.m; sourceTree = "<group>"; };
/* End PBXFileReference section */

/* Begin PBXFrameworksBuildPhase section */
		8661E481284EF9EE00772E8F /* Frameworks */ = {
			isa = PBXFrameworksBuildPhase;
			buildActionMask = 2147483647;
			files = (
			);
			runOnlyForDeploymentPostprocessing = 0;
		};
/* End PBXFrameworksBuildPhase section */

/* Begin PBXGroup section */
		8661E47B284EF9EE00772E8F = {
			isa = PBXGroup;
			children = (
				8661E486284EF9EE00772E8F /* Graph */,
				8661E485284EF9EE00772E8F /* Products */,
			);
			sourceTree = "<group>";
		};
		8661E485284EF9EE00772E8F /* Products */ = {
			isa = PBXGroup;
			children = (
				8661E484284EF9EE00772E8F /* Graph */,
			);
			name = Products;
			sourceTree = "<group>";
		};
		8661E486284EF9EE00772E8F /* Graph */ = {
			isa = PBXGroup;
			children = (
				869C386C285327C800D5B9CB /* mst_01.png */,
				869C386B285327C800D5B9CB /* mst_02.png */,
				86649E7A2856E97800FB4320 /* mst_03.jpg */,
				866438AC284F5F8F00EDDA26 /* Xnip2022-06-07_18-27-19.jpg */,
				86A9CAC6286060AC00EA7FB1 /* sp1.jpg */,
				8684D3492862C38900AEE18D /* negative_weight_01.png */,
				8684D34A2862C38900AEE18D /* negative_weight_02.png */,
				8661E487284EF9EE00772E8F /* main.m */,
				8661E48E284EFAC600772E8F /* ListGraph.h */,
				8661E48F284EFAC600772E8F /* ListGraph.m */,
				8661E491284F012300772E8F /* Vertex.h */,
				8661E492284F012300772E8F /* Vertex.m */,
				8661E494284F02E000772E8F /* Edge.h */,
				8661E495284F02E000772E8F /* Edge.m */,
				86E7D824285741550009FC09 /* FindUnion.h */,
				86E7D825285741550009FC09 /* FindUnion.m */,
			);
			path = Graph;
			sourceTree = "<group>";
		};
/* End PBXGroup section */

/* Begin PBXNativeTarget section */
		8661E483284EF9EE00772E8F /* Graph */ = {
			isa = PBXNativeTarget;
			buildConfigurationList = 8661E48B284EF9EE00772E8F /* Build configuration list for PBXNativeTarget "Graph" */;
			buildPhases = (
				8661E480284EF9EE00772E8F /* Sources */,
				8661E481284EF9EE00772E8F /* Frameworks */,
				8661E482284EF9EE00772E8F /* CopyFiles */,
			);
			buildRules = (
			);
			dependencies = (
			);
			name = Graph;
			productName = Graph;
			productReference = 8661E484284EF9EE00772E8F /* Graph */;
			productType = "com.apple.product-type.tool";
		};
/* End PBXNativeTarget section */

/* Begin PBXProject section */
		8661E47C284EF9EE00772E8F /* Project object */ = {
			isa = PBXProject;
			attributes = {
				BuildIndependentTargetsInParallel = 1;
				LastUpgradeCheck = 1340;
				TargetAttributes = {
					8661E483284EF9EE00772E8F = {
						CreatedOnToolsVersion = 13.4;
					};
				};
			};
			buildConfigurationList = 8661E47F284EF9EE00772E8F /* Build configuration list for PBXProject "Graph" */;
			compatibilityVersion = "Xcode 13.0";
			developmentRegion = en;
			hasScannedForEncodings = 0;
			knownRegions = (
				en,
				Base,
			);
			mainGroup = 8661E47B284EF9EE00772E8F;
			productRefGroup = 8661E485284EF9EE00772E8F /* Products */;
			projectDirPath = "";
			projectRoot = "";
			targets = (
				8661E483284EF9EE00772E8F /* Graph */,
			);
		};
/* End PBXProject section */

/* Begin PBXSourcesBuildPhase section */
		8661E480284EF9EE00772E8F /* Sources */ = {
			isa = PBXSourcesBuildPhase;
			buildActionMask = 2147483647;
			files = (
				8661E490284EFAC600772E8F /* ListGraph.m in Sources */,
				8661E493284F012300772E8F /* Vertex.m in Sources */,
				86E7D826285741550009FC09 /* FindUnion.m in Sources */,
				8661E496284F02E000772E8F /* Edge.m in Sources */,
				8661E488284EF9EE00772E8F /* main.m in Sources */,
			);
			runOnlyForDeploymentPostprocessing = 0;
		};
/* End PBXSourcesBuildPhase section */

/* Begin XCBuildConfiguration section */
		8661E489284EF9EE00772E8F /* Debug */ = {
			isa = XCBuildConfiguration;
			buildSettings = {
				ALWAYS_SEARCH_USER_PATHS = NO;
				CLANG_ANALYZER_NONNULL = YES;
				CLANG_ANALYZER_NUMBER_OBJECT_CONVERSION = YES_AGGRESSIVE;
				CLANG_CXX_LANGUAGE_STANDARD = "gnu++17";
				CLANG_ENABLE_MODULES = YES;
				CLANG_ENABLE_OBJC_ARC = YES;
				CLANG_ENABLE_OBJC_WEAK = YES;
				CLANG_WARN_BLOCK_CAPTURE_AUTORELEASING = YES;
				CLANG_WARN_BOOL_CONVERSION = YES;
				CLANG_WARN_COMMA = YES;
				CLANG_WARN_CONSTANT_CONVERSION = YES;
				CLANG_WARN_DEPRECATED_OBJC_IMPLEMENTATIONS = YES;
				CLANG_WARN_DIRECT_OBJC_ISA_USAGE = YES_ERROR;
				CLANG_WARN_DOCUMENTATION_COMMENTS = YES;
				CLANG_WARN_EMPTY_BODY = YES;
				CLANG_WARN_ENUM_CONVERSION = YES;
				CLANG_WARN_INFINITE_RECURSION = YES;
				CLANG_WARN_INT_CONVERSION = YES;
				CLANG_WARN_NON_LITERAL_NULL_CONVERSION = YES;
				CLANG_WARN_OBJC_IMPLICIT_RETAIN_SELF = YES;
				CLANG_WARN_OBJC_LITERAL_CONVERSION = YES;
				CLANG_WARN_OBJC_ROOT_CLASS = YES_ERROR;
				CLANG_WARN_QUOTED_INCLUDE_IN_FRAMEWORK_HEADER = YES;
				CLANG_WARN_RANGE_LOOP_ANALYSIS = YES;
				CLANG_WARN_STRICT_PROTOTYPES = YES;
				CLANG_WARN_SUSPICIOUS_MOVE = YES;
				CLANG_WARN_UNGUARDED_AVAILABILITY = YES_AGGRESSIVE;
				CLANG_WARN_UNREACHABLE_CODE = YES;
				CLANG_WARN__DUPLICATE_METHOD_MATCH = YES;
				COPY_PHASE_STRIP = NO;
				DEBUG_INFORMATION_FORMAT = dwarf;
				ENABLE_STRICT_OBJC_MSGSEND = YES;
				ENABLE_TESTABILITY = YES;
				GCC_C_LANGUAGE_STANDARD = gnu11;
				GCC_DYNAMIC_NO_PIC = NO;
				GCC_NO_COMMON_BLOCKS = YES;
				GCC_OPTIMIZATION_LEVEL = 0;
				GCC_PREPROCESSOR_DEFINITIONS = (
					"DEBUG=1",
					"$(inherited)",
				);
				GCC_WARN_64_TO_32_BIT_CONVERSION = YES;
				GCC_WARN_ABOUT_RETURN_TYPE = YES_ERROR;
				GCC_WARN_UNDECLARED_SELECTOR = YES;
				GCC_WARN_UNINITIALIZED_AUTOS = YES_AGGRESSIVE;
				GCC_WARN_UNUSED_FUNCTION = YES;
				GCC_WARN_UNUSED_VARIABLE = YES;
				MACOSX_DEPLOYMENT_TARGET = 12.3;
				MTL_ENABLE_DEBUG_INFO = INCLUDE_SOURCE;
				MTL_FAST_MATH = YES;
				ONLY_ACTIVE_ARCH = YES;
				SDKROOT = macosx;
			};
			name = Debug;
		};
		8661E48A284EF9EE00772E8F /* Release */ = {
			isa = XCBuildConfiguration;
			buildSettings = {
				ALWAYS_SEARCH_USER_PATHS = NO;
				CLANG_ANALYZER_NONNULL = YES;
				CLANG_ANALYZER_NUMBER_OBJECT_CONVERSION = YES_AGGRESSIVE;
				CLANG_CXX_LANGUAGE_STANDARD = "gnu++17";
				CLANG_ENABLE_MODULES = YES;
				CLANG_ENABLE_OBJC_ARC = YES;
				CLANG_ENABLE_OBJC_WEAK = YES;
				CLANG_WARN_BLOCK_CAPTURE_AUTORELEASING = YES;
				CLANG_WARN_BOOL_CONVERSION = YES;
				CLANG_WARN_COMMA = YES;
				CLANG_WARN_CONSTANT_CONVERSION = YES;
				CLANG_WARN_DEPRECATED_OBJC_IMPLEMENTATIONS = YES;
				CLANG_WARN_DIRECT_OBJC_ISA_USAGE = YES_ERROR;
				CLANG_WARN_DOCUMENTATION_COMMENTS = YES;
				CLANG_WARN_EMPTY_BODY = YES;
				CLANG_WARN_ENUM_CONVERSION = YES;
				CLANG_WARN_INFINITE_RECURSION = YES;
				CLANG_WARN_INT_CONVERSION = YES;
				CLANG_WARN_NON_LITERAL_NULL_CONVERSION = YES;
				CLANG_WARN_OBJC_IMPLICIT_RETAIN_SELF = YES;
				CLANG_WARN_OBJC_LITERAL_CONVERSION = YES;
				CLANG_WARN_OBJC_ROOT_CLASS = YES_ERROR;
				CLANG_WARN_QUOTED_INCLUDE_IN_FRAMEWORK_HEADER = YES;
				CLANG_WARN_RANGE_LOOP_ANALYSIS = YES;
				CLANG_WARN_STRICT_PROTOTYPES = YES;
				CLANG_WARN_SUSPICIOUS_MOVE = YES;
				CLANG_WARN_UNGUARDED_AVAILABILITY = YES_AGGRESSIVE;
				CLANG_WARN_UNREACHABLE_CODE = YES;
				CLANG_WARN__DUPLICATE_METHOD_MATCH = YES;
				COPY_PHASE_STRIP = NO;
				DEBUG_INFORMATION_FORMAT = "dwarf-with-dsym";
				ENABLE_NS_ASSERTIONS = NO;
				ENABLE_STRICT_OBJC_MSGSEND = YES;
				GCC_C_LANGUAGE_STANDARD = gnu11;
				GCC_NO_COMMON_BLOCKS = YES;
				GCC_WARN_64_TO_32_BIT_CONVERSION = YES;
				GCC_WARN_ABOUT_RETURN_TYPE = YES_ERROR;
				GCC_WARN_UNDECLARED_SELECTOR = YES;
				GCC_WARN_UNINITIALIZED_AUTOS = YES_AGGRESSIVE;
				GCC_WARN_UNUSED_FUNCTION = YES;
				GCC_WARN_UNUSED_VARIABLE = YES;
				MACOSX_DEPLOYMENT_TARGET = 12.3;
				MTL_ENABLE_DEBUG_INFO = NO;
				MTL_FAST_MATH = YES;
				SDKROOT = macosx;
			};
			name = Release;
		};
		8661E48C284EF9EE00772E8F /* Debug */ = {
			isa = XCBuildConfiguration;
			buildSettings = {
				CODE_SIGN_STYLE = Automatic;
				PRODUCT_NAME = "$(TARGET_NAME)";
			};
			name = Debug;
		};
		8661E48D284EF9EE00772E8F /* Release */ = {
			isa = XCBuildConfiguration;
			buildSettings = {
				CODE_SIGN_STYLE = Automatic;
				PRODUCT_NAME = "$(TARGET_NAME)";
			};
			name = Release;
		};
/* End XCBuildConfiguration section */

/* Begin XCConfigurationList section */
		8661E47F284EF9EE00772E8F /* Build configuration list for PBXProject "Graph" */ = {
			isa = XCConfigurationList;
			buildConfigurations = (
				8661E489284EF9EE00772E8F /* Debug */,
				8661E48A284EF9EE00772E8F /* Release */,
			);
			defaultConfigurationIsVisible = 0;
			defaultConfigurationName = Release;
		};
		8661E48B284EF9EE00772E8F /* Build configuration list for PBXNativeTarget "Graph" */ = {
			isa = XCConfigurationList;
			buildConfigurations = (
				8661E48C284EF9EE00772E8F /* Debug */,
				8661E48D284EF9EE00772E8F /* Release */,
			);
			defaultConfigurationIsVisible = 0;
			defaultConfigurationName = Release;
		};
/* End XCConfigurationList section */
	};
	rootObject = 8661E47C284EF9EE00772E8F /* Project object */;
}
