
Microsoft Visual Studio Solution File, Format Version 12.00
# Visual Studio 15
VisualStudioVersion = 15.0.28307.1831
MinimumVisualStudioVersion = 10.0.40219.1
Project("{8BC9CEB8-8B4A-11D0-8D11-00A0C91BC942}") = "11.多继承-同名函数和同名成员变量", "11.多继承-同名函数和同名成员变量\11.多继承-同名函数和同名成员变量.vcxproj", "{BE95548D-23E4-43CB-8D40-E6D25937884E}"
EndProject
Global
	GlobalSection(SolutionConfigurationPlatforms) = preSolution
		Debug|x64 = Debug|x64
		Debug|x86 = Debug|x86
		Release|x64 = Release|x64
		Release|x86 = Release|x86
	EndGlobalSection
	GlobalSection(ProjectConfigurationPlatforms) = postSolution
		{BE95548D-23E4-43CB-8D40-E6D25937884E}.Debug|x64.ActiveCfg = Debug|x64
		{BE95548D-23E4-43CB-8D40-E6D25937884E}.Debug|x64.Build.0 = Debug|x64
		{BE95548D-23E4-43CB-8D40-E6D25937884E}.Debug|x86.ActiveCfg = Debug|Win32
		{BE95548D-23E4-43CB-8D40-E6D25937884E}.Debug|x86.Build.0 = Debug|Win32
		{BE95548D-23E4-43CB-8D40-E6D25937884E}.Release|x64.ActiveCfg = Release|x64
		{BE95548D-23E4-43CB-8D40-E6D25937884E}.Release|x64.Build.0 = Release|x64
		{BE95548D-23E4-43CB-8D40-E6D25937884E}.Release|x86.ActiveCfg = Release|Win32
		{BE95548D-23E4-43CB-8D40-E6D25937884E}.Release|x86.Build.0 = Release|Win32
	EndGlobalSection
	GlobalSection(SolutionProperties) = preSolution
		HideSolutionNode = FALSE
	EndGlobalSection
	GlobalSection(ExtensibilityGlobals) = postSolution
		SolutionGuid = {D4DB810A-6438-4118-85D6-5436974DB9BC}
	EndGlobalSection
EndGlobal
